
Microsoft Visual Studio Solution File, Format Version 12.00
# Visual Studio 15
Project("{FAE04EC0-301F-11D3-BF4B-00C04F79EFBC}") = "VuforiaScripts", "VuforiaScripts.csproj", "{3ECDD451-549D-AE1E-7D36-F64FE2405731}"
EndProject
Project("{FAE04EC0-301F-11D3-BF4B-00C04F79EFBC}") = "Assembly-CSharp", "Assembly-CSharp.csproj", "{0DC5AE77-CF50-4F05-C405-BE8C566238C6}"
EndProject
Project("{FAE04EC0-301F-11D3-BF4B-00C04F79EFBC}") = "VuforiaEditorScripts", "VuforiaEditorScripts.csproj", "{F02E6FC9-FE0E-5ABD-1857-1A4CB2B70D0A}"
EndProject
Global
	GlobalSection(SolutionConfigurationPlatforms) = preSolution
		Debug|Any CPU = Debug|Any CPU
		Release|Any CPU = Release|Any CPU
	EndGlobalSection
	GlobalSection(ProjectConfigurationPlatforms) = postSolution
		{3ECDD451-549D-AE1E-7D36-F64FE2405731}.Debug|Any CPU.ActiveCfg = Debug|Any CPU
		{3ECDD451-549D-AE1E-7D36-F64FE2405731}.Debug|Any CPU.Build.0 = Debug|Any CPU
		{3ECDD451-549D-AE1E-7D36-F64FE2405731}.Release|Any CPU.ActiveCfg = Release|Any CPU
		{3ECDD451-549D-AE1E-7D36-F64FE2405731}.Release|Any CPU.Build.0 = Release|Any CPU
		{0DC5AE77-CF50-4F05-C405-BE8C566238C6}.Debug|Any CPU.ActiveCfg = Debug|Any CPU
		{0DC5AE77-CF50-4F05-C405-BE8C566238C6}.Debug|Any CPU.Build.0 = Debug|Any CPU
		{0DC5AE77-CF50-4F05-C405-BE8C566238C6}.Release|Any CPU.ActiveCfg = Release|Any CPU
		{0DC5AE77-CF50-4F05-C405-BE8C566238C6}.Release|Any CPU.Build.0 = Release|Any CPU
		{F02E6FC9-FE0E-5ABD-1857-1A4CB2B70D0A}.Debug|Any CPU.ActiveCfg = Debug|Any CPU
		{F02E6FC9-FE0E-5ABD-1857-1A4CB2B70D0A}.Debug|Any CPU.Build.0 = Debug|Any CPU
		{F02E6FC9-FE0E-5ABD-1857-1A4CB2B70D0A}.Release|Any CPU.ActiveCfg = Release|Any CPU
		{F02E6FC9-FE0E-5ABD-1857-1A4CB2B70D0A}.Release|Any CPU.Build.0 = Release|Any CPU
	EndGlobalSection
	GlobalSection(SolutionProperties) = preSolution
		HideSolutionNode = FALSE
	EndGlobalSection
EndGlobal
