
Microsoft Visual Studio Solution File, Format Version 12.00
# Visual Studio 15
Project("{FAE04EC0-301F-11D3-BF4B-00C04F79EFBC}") = "VuforiaScripts", "VuforiaScripts.csproj", "{3767B450-F22E-CAFD-BC03-5B10FF7AD258}"
EndProject
Project("{FAE04EC0-301F-11D3-BF4B-00C04F79EFBC}") = "Assembly-CSharp", "Assembly-CSharp.csproj", "{339F1702-D175-C43F-F917-F94121D97BEC}"
EndProject
Project("{FAE04EC0-301F-11D3-BF4B-00C04F79EFBC}") = "VuforiaEditorScripts", "VuforiaEditorScripts.csproj", "{F71E527C-5B97-8726-1CF6-ACC1A44FFDDD}"
EndProject
Global
	GlobalSection(SolutionConfigurationPlatforms) = preSolution
		Debug|Any CPU = Debug|Any CPU
		Release|Any CPU = Release|Any CPU
	EndGlobalSection
	GlobalSection(ProjectConfigurationPlatforms) = postSolution
		{3767B450-F22E-CAFD-BC03-5B10FF7AD258}.Debug|Any CPU.ActiveCfg = Debug|Any CPU
		{3767B450-F22E-CAFD-BC03-5B10FF7AD258}.Debug|Any CPU.Build.0 = Debug|Any CPU
		{3767B450-F22E-CAFD-BC03-5B10FF7AD258}.Release|Any CPU.ActiveCfg = Release|Any CPU
		{3767B450-F22E-CAFD-BC03-5B10FF7AD258}.Release|Any CPU.Build.0 = Release|Any CPU
		{339F1702-D175-C43F-F917-F94121D97BEC}.Debug|Any CPU.ActiveCfg = Debug|Any CPU
		{339F1702-D175-C43F-F917-F94121D97BEC}.Debug|Any CPU.Build.0 = Debug|Any CPU
		{339F1702-D175-C43F-F917-F94121D97BEC}.Release|Any CPU.ActiveCfg = Release|Any CPU
		{339F1702-D175-C43F-F917-F94121D97BEC}.Release|Any CPU.Build.0 = Release|Any CPU
		{F71E527C-5B97-8726-1CF6-ACC1A44FFDDD}.Debug|Any CPU.ActiveCfg = Debug|Any CPU
		{F71E527C-5B97-8726-1CF6-ACC1A44FFDDD}.Debug|Any CPU.Build.0 = Debug|Any CPU
		{F71E527C-5B97-8726-1CF6-ACC1A44FFDDD}.Release|Any CPU.ActiveCfg = Release|Any CPU
		{F71E527C-5B97-8726-1CF6-ACC1A44FFDDD}.Release|Any CPU.Build.0 = Release|Any CPU
	EndGlobalSection
	GlobalSection(SolutionProperties) = preSolution
		HideSolutionNode = FALSE
	EndGlobalSection
EndGlobal
